
Microsoft Visual Studio Solution File, Format Version 12.00
# Visual Studio Version 18
VisualStudioVersion = 18.0.11217.181
MinimumVisualStudioVersion = 10.0.40219.1
Project("{8BC9CEB8-8B4A-11D0-8D11-00A0C91BC942}") = "PluginLoader", "PluginLoader\PluginLoader.vcxproj", "{B5A24A68-3E8E-4E6F-98E9-7C5B2C3ED09F}"
EndProject
Project("{2150E333-8FDC-42A3-9474-1A3956D46DE8}") = "CommonLib", "CommonLib", "{76743903-BA7C-4BDD-9832-9F0F5B69E44C}"
EndProject
Project("{8BC9CEB8-8B4A-11D0-8D11-00A0C91BC942}") = "Utils", "CommonLib\Utils\Utils.vcxproj", "{A1B1E8B7-E219-4C0A-8D11-B6C246E2A3F3}"
EndProject
Project("{8BC9CEB8-8B4A-11D0-8D11-00A0C91BC942}") = "ImGui", "CommonLib\DearImGui\ImGui.vcxproj", "{C3D4E5F6-7A8B-9C0D-1E2F-3A4B5C6D7E8F}"
EndProject
Project("{8BC9CEB8-8B4A-11D0-8D11-00A0C91BC942}") = "AutoAssemblerKinda", "CommonLib\AutoAssemblerKinda\AutoAssemblerKinda.vcxproj", "{545FD0F0-C203-4600-AD7F-4600F7907B89}"
EndProject
Project("{8BC9CEB8-8B4A-11D0-8D11-00A0C91BC942}") = "PluginAPI", "CommonLib\PluginAPI\PluginAPI.vcxproj", "{A9B7C4D1-8E9F-4A3B-8C7D-6F5E4D3C2B1A}"
EndProject
Project("{2150E333-8FDC-42A3-9474-1A3956D46DE8}") = "Plugins", "Plugins", "{4F4B8E1B-9A8C-4E10-8C8B-7E5B5D5B8C8A}"
EndProject
Project("{8BC9CEB8-8B4A-11D0-8D11-00A0C91BC942}") = "AC2-ParkourMod", "Plugins\AC2\AC2-ParkourMod\AC2-ParkourMod.vcxproj", "{E7C4A51F-1D7D-4A2D-8C54-8F76F32E16A4}"
EndProject
Project("{8BC9CEB8-8B4A-11D0-8D11-00A0C91BC942}") = "ACB-ParkourMod", "Plugins\ACB\ACB-ParkourMod\ACB-ParkourMod.vcxproj", "{F8D5B62F-2E8E-5B3E-9D65-9F87F43F27B5}"
EndProject
Project("{8BC9CEB8-8B4A-11D0-8D11-00A0C91BC942}") = "BaseHook", "BaseHook\BaseHook.vcxproj", "{F2A3B4C5-D6E7-4F8A-9B0C-1D2E3F4A5B6D}"
EndProject
Project("{8BC9CEB8-8B4A-11D0-8D11-00A0C91BC942}") = "AC2-EaglePatch", "Plugins\AC2\AC2-EaglePatch\AC2-EaglePatch.vcxproj", "{D2A3B4C5-E6F7-408A-9B0C-1D2E3F4A5B6E}"
EndProject
Project("{8BC9CEB8-8B4A-11D0-8D11-00A0C91BC942}") = "AC1-EaglePatch", "Plugins\AC1\AC1-EaglePatch\AC1-EaglePatch.vcxproj", "{A1B2C3D4-E6F7-408A-9B0C-1D2E3F4A5B6F}"
EndProject
Project("{8BC9CEB8-8B4A-11D0-8D11-00A0C91BC942}") = "ACB-EaglePatch", "Plugins\ACB\ACB-EaglePatch\ACB-EaglePatch.vcxproj", "{4F6B8A5E-33A9-4EB6-9E6A-3E1F4B4C6C12}"
EndProject
Project("{8BC9CEB8-8B4A-11D0-8D11-00A0C91BC942}") = "ACR-EaglePatch", "Plugins\ACR\ACR-EaglePatch\ACR-EaglePatch.vcxproj", "{A3C5D2E1-7B4A-46F2-9B7E-5F3C2D1A9B7C}"
EndProject
Project("{8BC9CEB8-8B4A-11D0-8D11-00A0C91BC942}") = "Serialization", "CommonLib\Serialization\Serialization.vcxproj", "{5E11A710-1234-4567-89AB-CDEF01234567}"
EndProject
Project("{8BC9CEB8-8B4A-11D0-8D11-00A0C91BC942}") = "AC2-RE", "AC-RE\AC2-RE\AC2-RE.vcxproj", "{66588DFB-61AF-4630-AB08-6CB62AA3C55F}"
EndProject
Project("{8BC9CEB8-8B4A-11D0-8D11-00A0C91BC942}") = "AC1-RE", "AC-RE\AC1-RE\AC1-RE.vcxproj", "{B7B362AC-5419-497D-88CF-49359FBD24E8}"
EndProject
Project("{8BC9CEB8-8B4A-11D0-8D11-00A0C91BC942}") = "ACB-RE", "AC-RE\ACB-RE\ACB-RE.vcxproj", "{2A960C51-8533-4435-83FF-A5671EB5D905}"
EndProject
Project("{8BC9CEB8-8B4A-11D0-8D11-00A0C91BC942}") = "ACR-RE", "AC-RE\ACR-RE\ACR-RE.vcxproj", "{5039AE63-059C-459C-9031-502DA512F40A}"
EndProject
Project("{2150E333-8FDC-42A3-9474-1A3956D46DE8}") = "AC-RE", "AC-RE", "{A46BC612-BC2B-4145-B32C-393C19F18552}"
EndProject
Global
	GlobalSection(SolutionConfigurationPlatforms) = preSolution
		Debug|x86 = Debug|x86
		Release|x86 = Release|x86
	EndGlobalSection
	GlobalSection(ProjectConfigurationPlatforms) = postSolution
		{B5A24A68-3E8E-4E6F-98E9-7C5B2C3ED09F}.Debug|x86.ActiveCfg = Debug|Win32
		{B5A24A68-3E8E-4E6F-98E9-7C5B2C3ED09F}.Debug|x86.Build.0 = Debug|Win32
		{B5A24A68-3E8E-4E6F-98E9-7C5B2C3ED09F}.Release|x86.ActiveCfg = Release|Win32
		{B5A24A68-3E8E-4E6F-98E9-7C5B2C3ED09F}.Release|x86.Build.0 = Release|Win32
		{A1B1E8B7-E219-4C0A-8D11-B6C246E2A3F3}.Debug|x86.ActiveCfg = Debug|Win32
		{A1B1E8B7-E219-4C0A-8D11-B6C246E2A3F3}.Debug|x86.Build.0 = Debug|Win32
		{A1B1E8B7-E219-4C0A-8D11-B6C246E2A3F3}.Release|x86.ActiveCfg = Release|Win32
		{A1B1E8B7-E219-4C0A-8D11-B6C246E2A3F3}.Release|x86.Build.0 = Release|Win32
		{C3D4E5F6-7A8B-9C0D-1E2F-3A4B5C6D7E8F}.Debug|x86.ActiveCfg = Debug|Win32
		{C3D4E5F6-7A8B-9C0D-1E2F-3A4B5C6D7E8F}.Debug|x86.Build.0 = Debug|Win32
		{C3D4E5F6-7A8B-9C0D-1E2F-3A4B5C6D7E8F}.Release|x86.ActiveCfg = Release|Win32
		{C3D4E5F6-7A8B-9C0D-1E2F-3A4B5C6D7E8F}.Release|x86.Build.0 = Release|Win32
		{545FD0F0-C203-4600-AD7F-4600F7907B89}.Debug|x86.ActiveCfg = Debug|Win32
		{545FD0F0-C203-4600-AD7F-4600F7907B89}.Debug|x86.Build.0 = Debug|Win32
		{545FD0F0-C203-4600-AD7F-4600F7907B89}.Release|x86.ActiveCfg = Release|Win32
		{545FD0F0-C203-4600-AD7F-4600F7907B89}.Release|x86.Build.0 = Release|Win32
		{A9B7C4D1-8E9F-4A3B-8C7D-6F5E4D3C2B1A}.Debug|x86.ActiveCfg = Debug|Win32
		{A9B7C4D1-8E9F-4A3B-8C7D-6F5E4D3C2B1A}.Debug|x86.Build.0 = Debug|Win32
		{A9B7C4D1-8E9F-4A3B-8C7D-6F5E4D3C2B1A}.Release|x86.ActiveCfg = Release|Win32
		{A9B7C4D1-8E9F-4A3B-8C7D-6F5E4D3C2B1A}.Release|x86.Build.0 = Release|Win32
		{E7C4A51F-1D7D-4A2D-8C54-8F76F32E16A4}.Debug|x86.ActiveCfg = Debug|Win32
		{E7C4A51F-1D7D-4A2D-8C54-8F76F32E16A4}.Debug|x86.Build.0 = Debug|Win32
		{E7C4A51F-1D7D-4A2D-8C54-8F76F32E16A4}.Release|x86.ActiveCfg = Release|Win32
		{E7C4A51F-1D7D-4A2D-8C54-8F76F32E16A4}.Release|x86.Build.0 = Release|Win32
		{F8D5B62F-2E8E-5B3E-9D65-9F87F43F27B5}.Debug|x86.ActiveCfg = Debug|Win32
		{F8D5B62F-2E8E-5B3E-9D65-9F87F43F27B5}.Debug|x86.Build.0 = Debug|Win32
		{F8D5B62F-2E8E-5B3E-9D65-9F87F43F27B5}.Release|x86.ActiveCfg = Release|Win32
		{F8D5B62F-2E8E-5B3E-9D65-9F87F43F27B5}.Release|x86.Build.0 = Release|Win32
		{F2A3B4C5-D6E7-4F8A-9B0C-1D2E3F4A5B6D}.Debug|x86.ActiveCfg = Debug|Win32
		{F2A3B4C5-D6E7-4F8A-9B0C-1D2E3F4A5B6D}.Debug|x86.Build.0 = Debug|Win32
		{F2A3B4C5-D6E7-4F8A-9B0C-1D2E3F4A5B6D}.Release|x86.ActiveCfg = Release|Win32
		{F2A3B4C5-D6E7-4F8A-9B0C-1D2E3F4A5B6D}.Release|x86.Build.0 = Release|Win32
		{D2A3B4C5-E6F7-408A-9B0C-1D2E3F4A5B6E}.Debug|x86.ActiveCfg = Debug|Win32
		{D2A3B4C5-E6F7-408A-9B0C-1D2E3F4A5B6E}.Debug|x86.Build.0 = Debug|Win32
		{D2A3B4C5-E6F7-408A-9B0C-1D2E3F4A5B6E}.Release|x86.ActiveCfg = Release|Win32
		{D2A3B4C5-E6F7-408A-9B0C-1D2E3F4A5B6E}.Release|x86.Build.0 = Release|Win32
		{A1B2C3D4-E6F7-408A-9B0C-1D2E3F4A5B6F}.Debug|x86.ActiveCfg = Debug|Win32
		{A1B2C3D4-E6F7-408A-9B0C-1D2E3F4A5B6F}.Debug|x86.Build.0 = Debug|Win32
		{A1B2C3D4-E6F7-408A-9B0C-1D2E3F4A5B6F}.Release|x86.ActiveCfg = Release|Win32
		{A1B2C3D4-E6F7-408A-9B0C-1D2E3F4A5B6F}.Release|x86.Build.0 = Release|Win32
		{4F6B8A5E-33A9-4EB6-9E6A-3E1F4B4C6C12}.Debug|x86.ActiveCfg = Debug|Win32
		{4F6B8A5E-33A9-4EB6-9E6A-3E1F4B4C6C12}.Debug|x86.Build.0 = Debug|Win32
		{4F6B8A5E-33A9-4EB6-9E6A-3E1F4B4C6C12}.Release|x86.ActiveCfg = Release|Win32
		{4F6B8A5E-33A9-4EB6-9E6A-3E1F4B4C6C12}.Release|x86.Build.0 = Release|Win32
		{A3C5D2E1-7B4A-46F2-9B7E-5F3C2D1A9B7C}.Debug|x86.ActiveCfg = Debug|Win32
		{A3C5D2E1-7B4A-46F2-9B7E-5F3C2D1A9B7C}.Debug|x86.Build.0 = Debug|Win32
		{A3C5D2E1-7B4A-46F2-9B7E-5F3C2D1A9B7C}.Release|x86.ActiveCfg = Release|Win32
		{A3C5D2E1-7B4A-46F2-9B7E-5F3C2D1A9B7C}.Release|x86.Build.0 = Release|Win32
		{5E11A710-1234-4567-89AB-CDEF01234567}.Debug|x86.ActiveCfg = Debug|Win32
		{5E11A710-1234-4567-89AB-CDEF01234567}.Debug|x86.Build.0 = Debug|Win32
		{5E11A710-1234-4567-89AB-CDEF01234567}.Release|x86.ActiveCfg = Release|Win32
		{5E11A710-1234-4567-89AB-CDEF01234567}.Release|x86.Build.0 = Release|Win32
		{66588DFB-61AF-4630-AB08-6CB62AA3C55F}.Debug|x86.ActiveCfg = Debug|Win32
		{66588DFB-61AF-4630-AB08-6CB62AA3C55F}.Debug|x86.Build.0 = Debug|Win32
		{66588DFB-61AF-4630-AB08-6CB62AA3C55F}.Release|x86.ActiveCfg = Release|Win32
		{66588DFB-61AF-4630-AB08-6CB62AA3C55F}.Release|x86.Build.0 = Release|Win32
		{B7B362AC-5419-497D-88CF-49359FBD24E8}.Debug|x86.ActiveCfg = Debug|Win32
		{B7B362AC-5419-497D-88CF-49359FBD24E8}.Debug|x86.Build.0 = Debug|Win32
		{B7B362AC-5419-497D-88CF-49359FBD24E8}.Release|x86.ActiveCfg = Release|Win32
		{B7B362AC-5419-497D-88CF-49359FBD24E8}.Release|x86.Build.0 = Release|Win32
		{2A960C51-8533-4435-83FF-A5671EB5D905}.Debug|x86.ActiveCfg = Debug|Win32
		{2A960C51-8533-4435-83FF-A5671EB5D905}.Debug|x86.Build.0 = Debug|Win32
		{2A960C51-8533-4435-83FF-A5671EB5D905}.Release|x86.ActiveCfg = Release|Win32
		{2A960C51-8533-4435-83FF-A5671EB5D905}.Release|x86.Build.0 = Release|Win32
		{5039AE63-059C-459C-9031-502DA512F40A}.Debug|x86.ActiveCfg = Debug|Win32
		{5039AE63-059C-459C-9031-502DA512F40A}.Debug|x86.Build.0 = Debug|Win32
		{5039AE63-059C-459C-9031-502DA512F40A}.Release|x86.ActiveCfg = Release|Win32
		{5039AE63-059C-459C-9031-502DA512F40A}.Release|x86.Build.0 = Release|Win32
	EndGlobalSection
	GlobalSection(SolutionProperties) = preSolution
		HideSolutionNode = FALSE
	EndGlobalSection
	GlobalSection(NestedProjects) = preSolution
		{A1B1E8B7-E219-4C0A-8D11-B6C246E2A3F3} = {76743903-BA7C-4BDD-9832-9F0F5B69E44C}
		{C3D4E5F6-7A8B-9C0D-1E2F-3A4B5C6D7E8F} = {76743903-BA7C-4BDD-9832-9F0F5B69E44C}
		{545FD0F0-C203-4600-AD7F-4600F7907B89} = {76743903-BA7C-4BDD-9832-9F0F5B69E44C}
		{A9B7C4D1-8E9F-4A3B-8C7D-6F5E4D3C2B1A} = {76743903-BA7C-4BDD-9832-9F0F5B69E44C}
		{E7C4A51F-1D7D-4A2D-8C54-8F76F32E16A4} = {4F4B8E1B-9A8C-4E10-8C8B-7E5B5D5B8C8A}
		{F8D5B62F-2E8E-5B3E-9D65-9F87F43F27B5} = {4F4B8E1B-9A8C-4E10-8C8B-7E5B5D5B8C8A}
		{D2A3B4C5-E6F7-408A-9B0C-1D2E3F4A5B6E} = {4F4B8E1B-9A8C-4E10-8C8B-7E5B5D5B8C8A}
		{A1B2C3D4-E6F7-408A-9B0C-1D2E3F4A5B6F} = {4F4B8E1B-9A8C-4E10-8C8B-7E5B5D5B8C8A}
		{4F6B8A5E-33A9-4EB6-9E6A-3E1F4B4C6C12} = {4F4B8E1B-9A8C-4E10-8C8B-7E5B5D5B8C8A}
		{A3C5D2E1-7B4A-46F2-9B7E-5F3C2D1A9B7C} = {4F4B8E1B-9A8C-4E10-8C8B-7E5B5D5B8C8A}
		{5E11A710-1234-4567-89AB-CDEF01234567} = {76743903-BA7C-4BDD-9832-9F0F5B69E44C}
		{66588DFB-61AF-4630-AB08-6CB62AA3C55F} = {A46BC612-BC2B-4145-B32C-393C19F18552}
		{B7B362AC-5419-497D-88CF-49359FBD24E8} = {A46BC612-BC2B-4145-B32C-393C19F18552}
		{2A960C51-8533-4435-83FF-A5671EB5D905} = {A46BC612-BC2B-4145-B32C-393C19F18552}
		{5039AE63-059C-459C-9031-502DA512F40A} = {A46BC612-BC2B-4145-B32C-393C19F18552}
	EndGlobalSection
	GlobalSection(ExtensibilityGlobals) = postSolution
		SolutionGuid = {F2A3B4C5-D6E7-4F8A-9B0C-1D2E3F4A5B6C}
	EndGlobalSection
EndGlobal
