<?xml version="1.0" encoding="utf-8"?>
<Project ToolsVersion="4.0" xmlns="http://schemas.microsoft.com/developer/msbuild/2003">
  <ItemGroup>
    <Filter Include="Source Files">
      <UniqueIdentifier>{4FC737F1-C7A5-4376-A066-2A32D752A2FF}</UniqueIdentifier>
      <Extensions>cpp;c;cc;cxx;c++;cppm;ixx;def;odl;idl;hpj;bat;asm;asmx</Extensions>
    </Filter>
    <Filter Include="Header Files">
      <UniqueIdentifier>{93995380-89BD-4b04-88EB-625FBE52EBFB}</UniqueIdentifier>
      <Extensions>h;hh;hpp;hxx;h++;hm;inl;inc;ipp;xsd</Extensions>
    </Filter>
    <Filter Include="Resource Files">
      <UniqueIdentifier>{67DA6AB6-F800-4c08-8B7A-83BB121AAD01}</UniqueIdentifier>
      <Extensions>rc;ico;cur;bmp;dlg;rc2;rct;bin;rgs;gif;jpg;jpeg;jpe;resx;tiff;tif;png;wav;mfcribbon-ms</Extensions>
    </Filter>
    <Filter Include="Header Files\Scimitar">
      <UniqueIdentifier>{AAAA5678-90AB-CDEF-1234-567890ABCDEF}</UniqueIdentifier>
    </Filter>
    <Filter Include="Header Files\Gear">
      <UniqueIdentifier>{BBBB5678-90AB-CDEF-1234-567890ABCDEF}</UniqueIdentifier>
    </Filter>
    <Filter Include="Header Files\Game">
      <UniqueIdentifier>{CCCC5678-90AB-CDEF-1234-567890ABCDEF}</UniqueIdentifier>
    </Filter>
    <Filter Include="Header Files\Game\Components">
      <UniqueIdentifier>{DDDD5678-90AB-CDEF-1234-567890ABCDEF}</UniqueIdentifier>
    </Filter>
    <Filter Include="Header Files\Game\Managers">
      <UniqueIdentifier>{EEEE5678-90AB-CDEF-1234-567890ABCDEF}</UniqueIdentifier>
    </Filter>
    <Filter Include="Header Files\Game\Enums">
      <UniqueIdentifier>{FFFF5678-90AB-CDEF-1234-567890ABCDEF}</UniqueIdentifier>
    </Filter>
  </ItemGroup>
  <ItemGroup>
    <ClInclude Include="include\Scimitar\Pad.h">
      <Filter>Header Files\Scimitar</Filter>
    </ClInclude>
    <ClInclude Include="include\Gear\Memory.h">
      <Filter>Header Files\Gear</Filter>
    </ClInclude>
    <ClInclude Include="include\GameVersion.h">
      <Filter>Header Files</Filter>
    </ClInclude>
    <ClInclude Include="include\GameRoots.h">
      <Filter>Header Files</Filter>
    </ClInclude>
    <ClInclude Include="include\Game\BhvAssassin.h">
      <Filter>Header Files\Game</Filter>
    </ClInclude>
    <ClInclude Include="include\Game\Camera.h">
      <Filter>Header Files\Game</Filter>
    </ClInclude>
    <ClInclude Include="include\Game\CharacterAI.h">
      <Filter>Header Files\Game</Filter>
    </ClInclude>
    <ClInclude Include="include\Game\Entity.h">
      <Filter>Header Files\Game</Filter>
    </ClInclude>
    <ClInclude Include="include\Game\Inventory.h">
      <Filter>Header Files\Game</Filter>
    </ClInclude>
    <ClInclude Include="include\Game\PlayerData.h">
      <Filter>Header Files\Game</Filter>
    </ClInclude>
    <ClInclude Include="include\Game\SharedData.h">
      <Filter>Header Files\Game</Filter>
    </ClInclude>
    <ClInclude Include="include\Game\Singletons.h">
      <Filter>Header Files\Game</Filter>
    </ClInclude>
    <ClInclude Include="include\Game\Structs.h">
      <Filter>Header Files\Game</Filter>
    </ClInclude>
    <ClInclude Include="include\Game\World.h">
      <Filter>Header Files\Game</Filter>
    </ClInclude>
    <ClInclude Include="include\Game\Components\BipedComponent.h">
      <Filter>Header Files\Game\Components</Filter>
    </ClInclude>
    <ClInclude Include="include\Game\Managers\MapManager.h">
      <Filter>Header Files\Game\Managers</Filter>
    </ClInclude>
    <ClInclude Include="include\Game\Managers\MissionTimer.h">
      <Filter>Header Files\Game\Managers</Filter>
    </ClInclude>
    <ClInclude Include="include\Game\Managers\ProgressionManager.h">
      <Filter>Header Files\Game\Managers</Filter>
    </ClInclude>
    <ClInclude Include="include\Game\Managers\TimeOfDayManager.h">
      <Filter>Header Files\Game\Managers</Filter>
    </ClInclude>
    <ClInclude Include="include\Game\Enums\ItemIDs.h">
      <Filter>Header Files\Game\Enums</Filter>
    </ClInclude>
    <ClInclude Include="include\Game\SpeedSystem.h">
      <Filter>Header Files\Game</Filter>
    </ClInclude>
  </ItemGroup>
  <ItemGroup>
    <ClCompile Include="src\GameRoots.cpp">
      <Filter>Source Files</Filter>
    </ClCompile>
    <ClCompile Include="src\Singletons.cpp">
      <Filter>Source Files</Filter>
    </ClCompile>
  </ItemGroup>
</Project>
